
Microsoft Visual Studio Solution File, Format Version 12.00
# Visual Studio Version 17
VisualStudioVersion = 17.4.33213.308
MinimumVisualStudioVersion = 10.0.40219.1
Project("{FAE04EC0-301F-11D3-BF4B-00C04F79EFBC}") = "OnlinePasswordManager.Server", "OnlinePasswordManager\Server\OnlinePasswordManager.Server.csproj", "{562E6AB3-CD34-4C9C-B9E2-F23A3732C8AF}"
EndProject
Project("{FAE04EC0-301F-11D3-BF4B-00C04F79EFBC}") = "OnlinePasswordManager.Client", "OnlinePasswordManager\Client\OnlinePasswordManager.Client.csproj", "{4D7615E7-460D-43BB-A3AD-213B94B3FF27}"
EndProject
Project("{FAE04EC0-301F-11D3-BF4B-00C04F79EFBC}") = "OnlinePasswordManager.Shared", "OnlinePasswordManager\Shared\OnlinePasswordManager.Shared.csproj", "{EB8821D8-64D8-4B08-8A83-1A1FAB66AD22}"
EndProject
Global
	GlobalSection(SolutionConfigurationPlatforms) = preSolution
		Debug|Any CPU = Debug|Any CPU
		Release|Any CPU = Release|Any CPU
	EndGlobalSection
	GlobalSection(ProjectConfigurationPlatforms) = postSolution
		{562E6AB3-CD34-4C9C-B9E2-F23A3732C8AF}.Debug|Any CPU.ActiveCfg = Debug|Any CPU
		{562E6AB3-CD34-4C9C-B9E2-F23A3732C8AF}.Debug|Any CPU.Build.0 = Debug|Any CPU
		{562E6AB3-CD34-4C9C-B9E2-F23A3732C8AF}.Release|Any CPU.ActiveCfg = Release|Any CPU
		{562E6AB3-CD34-4C9C-B9E2-F23A3732C8AF}.Release|Any CPU.Build.0 = Release|Any CPU
		{4D7615E7-460D-43BB-A3AD-213B94B3FF27}.Debug|Any CPU.ActiveCfg = Debug|Any CPU
		{4D7615E7-460D-43BB-A3AD-213B94B3FF27}.Debug|Any CPU.Build.0 = Debug|Any CPU
		{4D7615E7-460D-43BB-A3AD-213B94B3FF27}.Release|Any CPU.ActiveCfg = Release|Any CPU
		{4D7615E7-460D-43BB-A3AD-213B94B3FF27}.Release|Any CPU.Build.0 = Release|Any CPU
		{EB8821D8-64D8-4B08-8A83-1A1FAB66AD22}.Debug|Any CPU.ActiveCfg = Debug|Any CPU
		{EB8821D8-64D8-4B08-8A83-1A1FAB66AD22}.Debug|Any CPU.Build.0 = Debug|Any CPU
		{EB8821D8-64D8-4B08-8A83-1A1FAB66AD22}.Release|Any CPU.ActiveCfg = Release|Any CPU
		{EB8821D8-64D8-4B08-8A83-1A1FAB66AD22}.Release|Any CPU.Build.0 = Release|Any CPU
	EndGlobalSection
	GlobalSection(SolutionProperties) = preSolution
		HideSolutionNode = FALSE
	EndGlobalSection
	GlobalSection(ExtensibilityGlobals) = postSolution
		SolutionGuid = {88B5B1D6-17B9-4F07-AA4A-16FDC556BEAB}
	EndGlobalSection
EndGlobal
